
Microsoft Visual Studio Solution File, Format Version 12.00
# Visual Studio Version 17
VisualStudioVersion = 17.8.34322.80
MinimumVisualStudioVersion = 10.0.40219.1
Project("{FAE04EC0-301F-11D3-BF4B-00C04F79EFBC}") = "office_library_backend", "office_library_backend\office_library_backend.csproj", "{DB884708-B0DC-47A7-A745-9AB6B3E27161}"
EndProject
Project("{FAE04EC0-301F-11D3-BF4B-00C04F79EFBC}") = "office_library_backend.Tests", "office_library_backend.Tests\office_library_backend.Tests.csproj", "{F2F4F686-5D18-4660-99D2-635CE7A8F736}"
EndProject
Global
	GlobalSection(SolutionConfigurationPlatforms) = preSolution
		Debug|Any CPU = Debug|Any CPU
		Release|Any CPU = Release|Any CPU
	EndGlobalSection
	GlobalSection(ProjectConfigurationPlatforms) = postSolution
		{DB884708-B0DC-47A7-A745-9AB6B3E27161}.Debug|Any CPU.ActiveCfg = Debug|Any CPU
		{DB884708-B0DC-47A7-A745-9AB6B3E27161}.Debug|Any CPU.Build.0 = Debug|Any CPU
		{DB884708-B0DC-47A7-A745-9AB6B3E27161}.Release|Any CPU.ActiveCfg = Release|Any CPU
		{DB884708-B0DC-47A7-A745-9AB6B3E27161}.Release|Any CPU.Build.0 = Release|Any CPU
		{F2F4F686-5D18-4660-99D2-635CE7A8F736}.Debug|Any CPU.ActiveCfg = Debug|Any CPU
		{F2F4F686-5D18-4660-99D2-635CE7A8F736}.Debug|Any CPU.Build.0 = Debug|Any CPU
		{F2F4F686-5D18-4660-99D2-635CE7A8F736}.Release|Any CPU.ActiveCfg = Release|Any CPU
		{F2F4F686-5D18-4660-99D2-635CE7A8F736}.Release|Any CPU.Build.0 = Release|Any CPU
	EndGlobalSection
	GlobalSection(SolutionProperties) = preSolution
		HideSolutionNode = FALSE
	EndGlobalSection
	GlobalSection(ExtensibilityGlobals) = postSolution
		SolutionGuid = {04D264C9-C96B-45F3-B2FA-A81816E29CB1}
	EndGlobalSection
EndGlobal
